
Microsoft Visual Studio Solution File, Format Version 12.00
# Visual Studio Version 16
VisualStudioVersion = 16.0.30517.126
MinimumVisualStudioVersion = 10.0.40219.1
Project("{9A19103F-16F7-4668-BE54-9A1E7A4F7556}") = "PlainUDPReceiver", "PlainUDPReceiver\PlainUDPReceiver.csproj", "{B1282FA3-B3B9-4A0D-ACAC-0949E5E056DE}"
EndProject
Project("{9A19103F-16F7-4668-BE54-9A1E7A4F7556}") = "PlainUDPSender", "PlainUDPSender\PlainUDPSender.csproj", "{EA877A7F-B1B5-4030-B6D5-FAAA4A26C5A0}"
EndProject
Project("{9A19103F-16F7-4668-BE54-9A1E7A4F7556}") = "ModelLib", "ModelLib\ModelLib.csproj", "{88935472-740A-4690-837D-F2AB3526AB2F}"
EndProject
Project("{FAE04EC0-301F-11D3-BF4B-00C04F79EFBC}") = "JsonUDPReceiver", "JsonUDPReceiver\JsonUDPReceiver.csproj", "{98F89BA1-9AB4-45EB-AFAD-BA6934A5EA3B}"
EndProject
Project("{FAE04EC0-301F-11D3-BF4B-00C04F79EFBC}") = "JsonUDPSender", "JsonUDPSender\JsonUDPSender.csproj", "{B57D6B1E-ADCC-4CD9-A1DC-3BDAEE4CC716}"
EndProject
Global
	GlobalSection(SolutionConfigurationPlatforms) = preSolution
		Debug|Any CPU = Debug|Any CPU
		Release|Any CPU = Release|Any CPU
	EndGlobalSection
	GlobalSection(ProjectConfigurationPlatforms) = postSolution
		{B1282FA3-B3B9-4A0D-ACAC-0949E5E056DE}.Debug|Any CPU.ActiveCfg = Debug|Any CPU
		{B1282FA3-B3B9-4A0D-ACAC-0949E5E056DE}.Debug|Any CPU.Build.0 = Debug|Any CPU
		{B1282FA3-B3B9-4A0D-ACAC-0949E5E056DE}.Release|Any CPU.ActiveCfg = Release|Any CPU
		{B1282FA3-B3B9-4A0D-ACAC-0949E5E056DE}.Release|Any CPU.Build.0 = Release|Any CPU
		{EA877A7F-B1B5-4030-B6D5-FAAA4A26C5A0}.Debug|Any CPU.ActiveCfg = Debug|Any CPU
		{EA877A7F-B1B5-4030-B6D5-FAAA4A26C5A0}.Debug|Any CPU.Build.0 = Debug|Any CPU
		{EA877A7F-B1B5-4030-B6D5-FAAA4A26C5A0}.Release|Any CPU.ActiveCfg = Release|Any CPU
		{EA877A7F-B1B5-4030-B6D5-FAAA4A26C5A0}.Release|Any CPU.Build.0 = Release|Any CPU
		{88935472-740A-4690-837D-F2AB3526AB2F}.Debug|Any CPU.ActiveCfg = Debug|Any CPU
		{88935472-740A-4690-837D-F2AB3526AB2F}.Debug|Any CPU.Build.0 = Debug|Any CPU
		{88935472-740A-4690-837D-F2AB3526AB2F}.Release|Any CPU.ActiveCfg = Release|Any CPU
		{88935472-740A-4690-837D-F2AB3526AB2F}.Release|Any CPU.Build.0 = Release|Any CPU
		{98F89BA1-9AB4-45EB-AFAD-BA6934A5EA3B}.Debug|Any CPU.ActiveCfg = Debug|Any CPU
		{98F89BA1-9AB4-45EB-AFAD-BA6934A5EA3B}.Debug|Any CPU.Build.0 = Debug|Any CPU
		{98F89BA1-9AB4-45EB-AFAD-BA6934A5EA3B}.Release|Any CPU.ActiveCfg = Release|Any CPU
		{98F89BA1-9AB4-45EB-AFAD-BA6934A5EA3B}.Release|Any CPU.Build.0 = Release|Any CPU
		{B57D6B1E-ADCC-4CD9-A1DC-3BDAEE4CC716}.Debug|Any CPU.ActiveCfg = Debug|Any CPU
		{B57D6B1E-ADCC-4CD9-A1DC-3BDAEE4CC716}.Debug|Any CPU.Build.0 = Debug|Any CPU
		{B57D6B1E-ADCC-4CD9-A1DC-3BDAEE4CC716}.Release|Any CPU.ActiveCfg = Release|Any CPU
		{B57D6B1E-ADCC-4CD9-A1DC-3BDAEE4CC716}.Release|Any CPU.Build.0 = Release|Any CPU
	EndGlobalSection
	GlobalSection(SolutionProperties) = preSolution
		HideSolutionNode = FALSE
	EndGlobalSection
	GlobalSection(ExtensibilityGlobals) = postSolution
		SolutionGuid = {F737DFF2-5B7C-4769-A4F3-77B410359E80}
	EndGlobalSection
EndGlobal
